
Microsoft Visual Studio Solution File, Format Version 12.00
# Visual Studio Version 17
VisualStudioVersion = 17.7.34009.444
MinimumVisualStudioVersion = 10.0.40219.1
Project("{FAE04EC0-301F-11D3-BF4B-00C04F79EFBC}") = "CadastroDeClientes", "CadastroDeClientes\CadastroDeClientes.csproj", "{862E0D30-2FB7-4C15-9730-B510D11A7457}"
EndProject
Global
	GlobalSection(SolutionConfigurationPlatforms) = preSolution
		Debug|Any CPU = Debug|Any CPU
		Release|Any CPU = Release|Any CPU
	EndGlobalSection
	GlobalSection(ProjectConfigurationPlatforms) = postSolution
		{862E0D30-2FB7-4C15-9730-B510D11A7457}.Debug|Any CPU.ActiveCfg = Debug|Any CPU
		{862E0D30-2FB7-4C15-9730-B510D11A7457}.Debug|Any CPU.Build.0 = Debug|Any CPU
		{862E0D30-2FB7-4C15-9730-B510D11A7457}.Release|Any CPU.ActiveCfg = Release|Any CPU
		{862E0D30-2FB7-4C15-9730-B510D11A7457}.Release|Any CPU.Build.0 = Release|Any CPU
	EndGlobalSection
	GlobalSection(SolutionProperties) = preSolution
		HideSolutionNode = FALSE
	EndGlobalSection
	GlobalSection(ExtensibilityGlobals) = postSolution
		SolutionGuid = {75CF12E4-1AC7-4A88-A9C3-E2FC8BFE3F05}
	EndGlobalSection
EndGlobal
